
Microsoft Visual Studio Solution File, Format Version 12.00
# Visual Studio Version 17
VisualStudioVersion = 17.8.34309.116
MinimumVisualStudioVersion = 10.0.40219.1
Project("{FAE04EC0-301F-11D3-BF4B-00C04F79EFBC}") = "QuanLyVatTu", "QuanLyVatTu.csproj", "{56C1C2A7-4C66-45D8-B1B7-47B5D1078F90}"
EndProject
Global
	GlobalSection(SolutionConfigurationPlatforms) = preSolution
		Debug|Any CPU = Debug|Any CPU
		Release|Any CPU = Release|Any CPU
	EndGlobalSection
	GlobalSection(ProjectConfigurationPlatforms) = postSolution
		{56C1C2A7-4C66-45D8-B1B7-47B5D1078F90}.Debug|Any CPU.ActiveCfg = Debug|Any CPU
		{56C1C2A7-4C66-45D8-B1B7-47B5D1078F90}.Debug|Any CPU.Build.0 = Debug|Any CPU
		{56C1C2A7-4C66-45D8-B1B7-47B5D1078F90}.Release|Any CPU.ActiveCfg = Release|Any CPU
		{56C1C2A7-4C66-45D8-B1B7-47B5D1078F90}.Release|Any CPU.Build.0 = Release|Any CPU
	EndGlobalSection
	GlobalSection(SolutionProperties) = preSolution
		HideSolutionNode = FALSE
	EndGlobalSection
	GlobalSection(ExtensibilityGlobals) = postSolution
		SolutionGuid = {91693E74-A3A1-42CA-9F83-B5254A5BA56B}
	EndGlobalSection
EndGlobal
